
Microsoft Visual Studio Solution File, Format Version 12.00
# Visual Studio Version 16
VisualStudioVersion = 16.0.31402.337
MinimumVisualStudioVersion = 10.0.40219.1
Project("{FAE04EC0-301F-11D3-BF4B-00C04F79EFBC}") = "WebApplication4", "WebApplication4\WebApplication4.csproj", "{301647F9-087A-45F2-9541-964B25B4728A}"
EndProject
Global
	GlobalSection(SolutionConfigurationPlatforms) = preSolution
		Debug|Any CPU = Debug|Any CPU
		Release|Any CPU = Release|Any CPU
	EndGlobalSection
	GlobalSection(ProjectConfigurationPlatforms) = postSolution
		{301647F9-087A-45F2-9541-964B25B4728A}.Debug|Any CPU.ActiveCfg = Debug|Any CPU
		{301647F9-087A-45F2-9541-964B25B4728A}.Debug|Any CPU.Build.0 = Debug|Any CPU
		{301647F9-087A-45F2-9541-964B25B4728A}.Release|Any CPU.ActiveCfg = Release|Any CPU
		{301647F9-087A-45F2-9541-964B25B4728A}.Release|Any CPU.Build.0 = Release|Any CPU
	EndGlobalSection
	GlobalSection(SolutionProperties) = preSolution
		HideSolutionNode = FALSE
	EndGlobalSection
	GlobalSection(ExtensibilityGlobals) = postSolution
		SolutionGuid = {C5D89D1B-27D5-478F-9FCE-97DCD3C4E6E7}
	EndGlobalSection
EndGlobal
